<?xml version="1.0" encoding="utf-8"?>
<Project ToolsVersion="4.0" xmlns="http://schemas.microsoft.com/developer/msbuild/2003">
  <ItemGroup>
    <Filter Include="Source Files">
      <UniqueIdentifier>{4FC737F1-C7A5-4376-A066-2A32D752A2FF}</UniqueIdentifier>
      <Extensions>cpp;c;cc;cxx;def;odl;idl;hpj;bat;asm;asmx</Extensions>
    </Filter>
    <Filter Include="Header Files">
      <UniqueIdentifier>{93995380-89BD-4b04-88EB-625FBE52EBFB}</UniqueIdentifier>
      <Extensions>h;hpp;hxx;hm;inl;inc;xsd</Extensions>
    </Filter>
    <Filter Include="Resource Files">
      <UniqueIdentifier>{67DA6AB6-F800-4c08-8B7A-83BB121AAD01}</UniqueIdentifier>
      <Extensions>rc;ico;cur;bmp;dlg;rc2;rct;bin;rgs;gif;jpg;jpeg;jpe;resx;tiff;tif;png;wav;mfcribbon-ms</Extensions>
    </Filter>
  </ItemGroup>
  <ItemGroup>
    <ClCompile Include="TinyTrayIndicator.c">
      <Filter>Source Files</Filter>
    </ClCompile>
  </ItemGroup>
  <ItemGroup>
    <ClInclude Include="buffer.h">
      <Filter>Header Files</Filter>
    </ClInclude>
    <ClInclude Include="resource.h">
      <Filter>Header Files</Filter>
    </ClInclude>
  </ItemGroup>
  <ItemGroup>
    <ResourceCompile Include="rsrc.rc">
      <Filter>Resource Files</Filter>
    </ResourceCompile>
  </ItemGroup>
  <ItemGroup>
    <Image Include="rsrc\1.ico">
      <Filter>Resource Files</Filter>
    </Image>
    <Image Include="rsrc\2.ico">
      <Filter>Resource Files</Filter>
    </Image>
    <Image Include="rsrc\3.ico">
      <Filter>Resource Files</Filter>
    </Image>
    <Image Include="rsrc\4.ico">
      <Filter>Resource Files</Filter>
    </Image>
    <Image Include="rsrc\5.ico">
      <Filter>Resource Files</Filter>
    </Image>
    <Image Include="rsrc\6.ico">
      <Filter>Resource Files</Filter>
    </Image>
    <Image Include="rsrc\7.ico">
      <Filter>Resource Files</Filter>
    </Image>
    <Image Include="rsrc\8.ico">
      <Filter>Resource Files</Filter>
    </Image>
    <Image Include="rsrc\9.ico">
      <Filter>Resource Files</Filter>
    </Image>
    <Image Include="rsrc\10.ico">
      <Filter>Resource Files</Filter>
    </Image>
    <Image Include="rsrc\11.ico">
      <Filter>Resource Files</Filter>
    </Image>
    <Image Include="rsrc\12.ico">
      <Filter>Resource Files</Filter>
    </Image>
    <Image Include="rsrc\13.ico">
      <Filter>Resource Files</Filter>
    </Image>
    <Image Include="rsrc\14.ico">
      <Filter>Resource Files</Filter>
    </Image>
    <Image Include="rsrc\15.ico">
      <Filter>Resource Files</Filter>
    </Image>
    <Image Include="rsrc\16.ico">
      <Filter>Resource Files</Filter>
    </Image>
    <Image Include="rsrc\17.ico">
      <Filter>Resource Files</Filter>
    </Image>
    <Image Include="rsrc\18.ico">
      <Filter>Resource Files</Filter>
    </Image>
    <Image Include="rsrc\19.ico">
      <Filter>Resource Files</Filter>
    </Image>
    <Image Include="rsrc\20.ico">
      <Filter>Resource Files</Filter>
    </Image>
    <Image Include="rsrc\21.ico">
      <Filter>Resource Files</Filter>
    </Image>
    <Image Include="rsrc\22.ico">
      <Filter>Resource Files</Filter>
    </Image>
    <Image Include="rsrc\23.ico">
      <Filter>Resource Files</Filter>
    </Image>
    <Image Include="rsrc\24.ico">
      <Filter>Resource Files</Filter>
    </Image>
    <Image Include="rsrc\25.ico">
      <Filter>Resource Files</Filter>
    </Image>
    <Image Include="rsrc\26.ico">
      <Filter>Resource Files</Filter>
    </Image>
    <Image Include="rsrc\27.ico">
      <Filter>Resource Files</Filter>
    </Image>
    <Image Include="rsrc\28.ico">
      <Filter>Resource Files</Filter>
    </Image>
    <Image Include="rsrc\29.ico">
      <Filter>Resource Files</Filter>
    </Image>
    <Image Include="rsrc\30.ico">
      <Filter>Resource Files</Filter>
    </Image>
    <Image Include="rsrc\31.ico">
      <Filter>Resource Files</Filter>
    </Image>
    <Image Include="rsrc\32.ico">
      <Filter>Resource Files</Filter>
    </Image>
    <Image Include="rsrc\33.ico">
      <Filter>Resource Files</Filter>
    </Image>
    <Image Include="rsrc\34.ico">
      <Filter>Resource Files</Filter>
    </Image>
    <Image Include="rsrc\35.ico">
      <Filter>Resource Files</Filter>
    </Image>
    <Image Include="rsrc\36.ico">
      <Filter>Resource Files</Filter>
    </Image>
    <Image Include="rsrc\37.ico">
      <Filter>Resource Files</Filter>
    </Image>
    <Image Include="rsrc\38.ico">
      <Filter>Resource Files</Filter>
    </Image>
    <Image Include="rsrc\39.ico">
      <Filter>Resource Files</Filter>
    </Image>
    <Image Include="rsrc\40.ico">
      <Filter>Resource Files</Filter>
    </Image>
    <Image Include="rsrc\41.ico">
      <Filter>Resource Files</Filter>
    </Image>
    <Image Include="rsrc\42.ico">
      <Filter>Resource Files</Filter>
    </Image>
    <Image Include="rsrc\43.ico">
      <Filter>Resource Files</Filter>
    </Image>
    <Image Include="rsrc\44.ico">
      <Filter>Resource Files</Filter>
    </Image>
    <Image Include="rsrc\45.ico">
      <Filter>Resource Files</Filter>
    </Image>
    <Image Include="rsrc\46.ico">
      <Filter>Resource Files</Filter>
    </Image>
    <Image Include="rsrc\47.ico">
      <Filter>Resource Files</Filter>
    </Image>
    <Image Include="rsrc\48.ico">
      <Filter>Resource Files</Filter>
    </Image>
    <Image Include="rsrc\49.ico">
      <Filter>Resource Files</Filter>
    </Image>
    <Image Include="rsrc\50.ico">
      <Filter>Resource Files</Filter>
    </Image>
    <Image Include="rsrc\51.ico">
      <Filter>Resource Files</Filter>
    </Image>
    <Image Include="rsrc\52.ico">
      <Filter>Resource Files</Filter>
    </Image>
    <Image Include="rsrc\53.ico">
      <Filter>Resource Files</Filter>
    </Image>
    <Image Include="rsrc\54.ico">
      <Filter>Resource Files</Filter>
    </Image>
    <Image Include="rsrc\55.ico">
      <Filter>Resource Files</Filter>
    </Image>
    <Image Include="rsrc\56.ico">
      <Filter>Resource Files</Filter>
    </Image>
    <Image Include="rsrc\57.ico">
      <Filter>Resource Files</Filter>
    </Image>
    <Image Include="rsrc\58.ico">
      <Filter>Resource Files</Filter>
    </Image>
    <Image Include="rsrc\59.ico">
      <Filter>Resource Files</Filter>
    </Image>
    <Image Include="rsrc\60.ico">
      <Filter>Resource Files</Filter>
    </Image>
    <Image Include="rsrc\61.ico">
      <Filter>Resource Files</Filter>
    </Image>
    <Image Include="rsrc\62.ico">
      <Filter>Resource Files</Filter>
    </Image>
    <Image Include="rsrc\63.ico">
      <Filter>Resource Files</Filter>
    </Image>
    <Image Include="rsrc\64.ico">
      <Filter>Resource Files</Filter>
    </Image>
    <Image Include="rsrc\65.ico">
      <Filter>Resource Files</Filter>
    </Image>
    <Image Include="rsrc\66.ico">
      <Filter>Resource Files</Filter>
    </Image>
    <Image Include="rsrc\67.ico">
      <Filter>Resource Files</Filter>
    </Image>
    <Image Include="rsrc\68.ico">
      <Filter>Resource Files</Filter>
    </Image>
    <Image Include="rsrc\69.ico">
      <Filter>Resource Files</Filter>
    </Image>
    <Image Include="rsrc\70.ico">
      <Filter>Resource Files</Filter>
    </Image>
    <Image Include="rsrc\71.ico">
      <Filter>Resource Files</Filter>
    </Image>
    <Image Include="rsrc\72.ico">
      <Filter>Resource Files</Filter>
    </Image>
    <Image Include="rsrc\73.ico">
      <Filter>Resource Files</Filter>
    </Image>
    <Image Include="rsrc\74.ico">
      <Filter>Resource Files</Filter>
    </Image>
    <Image Include="rsrc\75.ico">
      <Filter>Resource Files</Filter>
    </Image>
    <Image Include="rsrc\76.ico">
      <Filter>Resource Files</Filter>
    </Image>
    <Image Include="rsrc\77.ico">
      <Filter>Resource Files</Filter>
    </Image>
    <Image Include="rsrc\78.ico">
      <Filter>Resource Files</Filter>
    </Image>
    <Image Include="rsrc\79.ico">
      <Filter>Resource Files</Filter>
    </Image>
    <Image Include="rsrc\80.ico">
      <Filter>Resource Files</Filter>
    </Image>
    <Image Include="rsrc\81.ico">
      <Filter>Resource Files</Filter>
    </Image>
    <Image Include="rsrc\82.ico">
      <Filter>Resource Files</Filter>
    </Image>
    <Image Include="rsrc\83.ico">
      <Filter>Resource Files</Filter>
    </Image>
    <Image Include="rsrc\84.ico">
      <Filter>Resource Files</Filter>
    </Image>
    <Image Include="rsrc\85.ico">
      <Filter>Resource Files</Filter>
    </Image>
    <Image Include="rsrc\86.ico">
      <Filter>Resource Files</Filter>
    </Image>
    <Image Include="rsrc\87.ico">
      <Filter>Resource Files</Filter>
    </Image>
    <Image Include="rsrc\88.ico">
      <Filter>Resource Files</Filter>
    </Image>
    <Image Include="rsrc\89.ico">
      <Filter>Resource Files</Filter>
    </Image>
    <Image Include="rsrc\90.ico">
      <Filter>Resource Files</Filter>
    </Image>
    <Image Include="rsrc\91.ico">
      <Filter>Resource Files</Filter>
    </Image>
    <Image Include="rsrc\92.ico">
      <Filter>Resource Files</Filter>
    </Image>
    <Image Include="rsrc\93.ico">
      <Filter>Resource Files</Filter>
    </Image>
    <Image Include="rsrc\94.ico">
      <Filter>Resource Files</Filter>
    </Image>
    <Image Include="rsrc\95.ico">
      <Filter>Resource Files</Filter>
    </Image>
    <Image Include="rsrc\96.ico">
      <Filter>Resource Files</Filter>
    </Image>
    <Image Include="rsrc\97.ico">
      <Filter>Resource Files</Filter>
    </Image>
    <Image Include="rsrc\98.ico">
      <Filter>Resource Files</Filter>
    </Image>
    <Image Include="rsrc\99.ico">
      <Filter>Resource Files</Filter>
    </Image>
    <Image Include="rsrc\100.ico">
      <Filter>Resource Files</Filter>
    </Image>
    <Image Include="rsrc\101.ico">
      <Filter>Resource Files</Filter>
    </Image>
    <Image Include="rsrc\102.ico">
      <Filter>Resource Files</Filter>
    </Image>
    <Image Include="rsrc\103.ico">
      <Filter>Resource Files</Filter>
    </Image>
    <Image Include="rsrc\104.ico">
      <Filter>Resource Files</Filter>
    </Image>
    <Image Include="rsrc\105.ico">
      <Filter>Resource Files</Filter>
    </Image>
    <Image Include="rsrc\106.ico">
      <Filter>Resource Files</Filter>
    </Image>
    <Image Include="rsrc\107.ico">
      <Filter>Resource Files</Filter>
    </Image>
    <Image Include="rsrc\108.ico">
      <Filter>Resource Files</Filter>
    </Image>
    <Image Include="rsrc\109.ico">
      <Filter>Resource Files</Filter>
    </Image>
    <Image Include="rsrc\110.ico">
      <Filter>Resource Files</Filter>
    </Image>
    <Image Include="rsrc\111.ico">
      <Filter>Resource Files</Filter>
    </Image>
    <Image Include="rsrc\112.ico">
      <Filter>Resource Files</Filter>
    </Image>
    <Image Include="rsrc\113.ico">
      <Filter>Resource Files</Filter>
    </Image>
    <Image Include="rsrc\114.ico">
      <Filter>Resource Files</Filter>
    </Image>
    <Image Include="rsrc\115.ico">
      <Filter>Resource Files</Filter>
    </Image>
    <Image Include="rsrc\116.ico">
      <Filter>Resource Files</Filter>
    </Image>
    <Image Include="rsrc\117.ico">
      <Filter>Resource Files</Filter>
    </Image>
    <Image Include="rsrc\118.ico">
      <Filter>Resource Files</Filter>
    </Image>
    <Image Include="rsrc\119.ico">
      <Filter>Resource Files</Filter>
    </Image>
    <Image Include="rsrc\120.ico">
      <Filter>Resource Files</Filter>
    </Image>
    <Image Include="rsrc\121.ico">
      <Filter>Resource Files</Filter>
    </Image>
    <Image Include="rsrc\122.ico">
      <Filter>Resource Files</Filter>
    </Image>
    <Image Include="rsrc\123.ico">
      <Filter>Resource Files</Filter>
    </Image>
    <Image Include="rsrc\124.ico">
      <Filter>Resource Files</Filter>
    </Image>
    <Image Include="rsrc\125.ico">
      <Filter>Resource Files</Filter>
    </Image>
    <Image Include="rsrc\126.ico">
      <Filter>Resource Files</Filter>
    </Image>
    <Image Include="rsrc\127.ico">
      <Filter>Resource Files</Filter>
    </Image>
    <Image Include="rsrc\128.ico">
      <Filter>Resource Files</Filter>
    </Image>
    <Image Include="rsrc\129.ico">
      <Filter>Resource Files</Filter>
    </Image>
    <Image Include="rsrc\130.ico">
      <Filter>Resource Files</Filter>
    </Image>
    <Image Include="rsrc\131.ico">
      <Filter>Resource Files</Filter>
    </Image>
    <Image Include="rsrc\132.ico">
      <Filter>Resource Files</Filter>
    </Image>
    <Image Include="rsrc\133.ico">
      <Filter>Resource Files</Filter>
    </Image>
    <Image Include="rsrc\134.ico">
      <Filter>Resource Files</Filter>
    </Image>
    <Image Include="rsrc\135.ico">
      <Filter>Resource Files</Filter>
    </Image>
    <Image Include="rsrc\136.ico">
      <Filter>Resource Files</Filter>
    </Image>
    <Image Include="rsrc\137.ico">
      <Filter>Resource Files</Filter>
    </Image>
    <Image Include="rsrc\138.ico">
      <Filter>Resource Files</Filter>
    </Image>
    <Image Include="rsrc\139.ico">
      <Filter>Resource Files</Filter>
    </Image>
    <Image Include="rsrc\140.ico">
      <Filter>Resource Files</Filter>
    </Image>
    <Image Include="rsrc\141.ico">
      <Filter>Resource Files</Filter>
    </Image>
    <Image Include="rsrc\142.ico">
      <Filter>Resource Files</Filter>
    </Image>
    <Image Include="rsrc\143.ico">
      <Filter>Resource Files</Filter>
    </Image>
    <Image Include="rsrc\144.ico">
      <Filter>Resource Files</Filter>
    </Image>
    <Image Include="rsrc\145.ico">
      <Filter>Resource Files</Filter>
    </Image>
    <Image Include="rsrc\146.ico">
      <Filter>Resource Files</Filter>
    </Image>
    <Image Include="rsrc\147.ico">
      <Filter>Resource Files</Filter>
    </Image>
    <Image Include="rsrc\148.ico">
      <Filter>Resource Files</Filter>
    </Image>
    <Image Include="rsrc\149.ico">
      <Filter>Resource Files</Filter>
    </Image>
    <Image Include="rsrc\150.ico">
      <Filter>Resource Files</Filter>
    </Image>
    <Image Include="rsrc\151.ico">
      <Filter>Resource Files</Filter>
    </Image>
    <Image Include="rsrc\152.ico">
      <Filter>Resource Files</Filter>
    </Image>
    <Image Include="rsrc\153.ico">
      <Filter>Resource Files</Filter>
    </Image>
    <Image Include="rsrc\154.ico">
      <Filter>Resource Files</Filter>
    </Image>
    <Image Include="rsrc\155.ico">
      <Filter>Resource Files</Filter>
    </Image>
    <Image Include="rsrc\156.ico">
      <Filter>Resource Files</Filter>
    </Image>
    <Image Include="rsrc\157.ico">
      <Filter>Resource Files</Filter>
    </Image>
    <Image Include="rsrc\158.ico">
      <Filter>Resource Files</Filter>
    </Image>
    <Image Include="rsrc\159.ico">
      <Filter>Resource Files</Filter>
    </Image>
    <Image Include="rsrc\160.ico">
      <Filter>Resource Files</Filter>
    </Image>
    <Image Include="rsrc\161.ico">
      <Filter>Resource Files</Filter>
    </Image>
    <Image Include="rsrc\162.ico">
      <Filter>Resource Files</Filter>
    </Image>
    <Image Include="rsrc\163.ico">
      <Filter>Resource Files</Filter>
    </Image>
    <Image Include="rsrc\164.ico">
      <Filter>Resource Files</Filter>
    </Image>
    <Image Include="rsrc\165.ico">
      <Filter>Resource Files</Filter>
    </Image>
    <Image Include="rsrc\166.ico">
      <Filter>Resource Files</Filter>
    </Image>
    <Image Include="rsrc\167.ico">
      <Filter>Resource Files</Filter>
    </Image>
    <Image Include="rsrc\168.ico">
      <Filter>Resource Files</Filter>
    </Image>
    <Image Include="rsrc\169.ico">
      <Filter>Resource Files</Filter>
    </Image>
    <Image Include="rsrc\170.ico">
      <Filter>Resource Files</Filter>
    </Image>
    <Image Include="rsrc\171.ico">
      <Filter>Resource Files</Filter>
    </Image>
    <Image Include="rsrc\172.ico">
      <Filter>Resource Files</Filter>
    </Image>
    <Image Include="rsrc\173.ico">
      <Filter>Resource Files</Filter>
    </Image>
    <Image Include="rsrc\174.ico">
      <Filter>Resource Files</Filter>
    </Image>
    <Image Include="rsrc\175.ico">
      <Filter>Resource Files</Filter>
    </Image>
    <Image Include="rsrc\176.ico">
      <Filter>Resource Files</Filter>
    </Image>
    <Image Include="rsrc\177.ico">
      <Filter>Resource Files</Filter>
    </Image>
    <Image Include="rsrc\178.ico">
      <Filter>Resource Files</Filter>
    </Image>
    <Image Include="rsrc\179.ico">
      <Filter>Resource Files</Filter>
    </Image>
    <Image Include="rsrc\180.ico">
      <Filter>Resource Files</Filter>
    </Image>
    <Image Include="rsrc\181.ico">
      <Filter>Resource Files</Filter>
    </Image>
    <Image Include="rsrc\182.ico">
      <Filter>Resource Files</Filter>
    </Image>
    <Image Include="rsrc\183.ico">
      <Filter>Resource Files</Filter>
    </Image>
    <Image Include="rsrc\184.ico">
      <Filter>Resource Files</Filter>
    </Image>
    <Image Include="rsrc\185.ico">
      <Filter>Resource Files</Filter>
    </Image>
    <Image Include="rsrc\186.ico">
      <Filter>Resource Files</Filter>
    </Image>
    <Image Include="rsrc\187.ico">
      <Filter>Resource Files</Filter>
    </Image>
    <Image Include="rsrc\188.ico">
      <Filter>Resource Files</Filter>
    </Image>
    <Image Include="rsrc\189.ico">
      <Filter>Resource Files</Filter>
    </Image>
    <Image Include="rsrc\190.ico">
      <Filter>Resource Files</Filter>
    </Image>
    <Image Include="rsrc\191.ico">
      <Filter>Resource Files</Filter>
    </Image>
    <Image Include="rsrc\192.ico">
      <Filter>Resource Files</Filter>
    </Image>
    <Image Include="rsrc\193.ico">
      <Filter>Resource Files</Filter>
    </Image>
    <Image Include="rsrc\194.ico">
      <Filter>Resource Files</Filter>
    </Image>
    <Image Include="rsrc\195.ico">
      <Filter>Resource Files</Filter>
    </Image>
    <Image Include="rsrc\196.ico">
      <Filter>Resource Files</Filter>
    </Image>
    <Image Include="rsrc\197.ico">
      <Filter>Resource Files</Filter>
    </Image>
    <Image Include="rsrc\198.ico">
      <Filter>Resource Files</Filter>
    </Image>
    <Image Include="rsrc\199.ico">
      <Filter>Resource Files</Filter>
    </Image>
    <Image Include="rsrc\200.ico">
      <Filter>Resource Files</Filter>
    </Image>
    <Image Include="rsrc\201.ico">
      <Filter>Resource Files</Filter>
    </Image>
    <Image Include="rsrc\202.ico">
      <Filter>Resource Files</Filter>
    </Image>
    <Image Include="rsrc\203.ico">
      <Filter>Resource Files</Filter>
    </Image>
    <Image Include="rsrc\204.ico">
      <Filter>Resource Files</Filter>
    </Image>
    <Image Include="rsrc\205.ico">
      <Filter>Resource Files</Filter>
    </Image>
    <Image Include="rsrc\206.ico">
      <Filter>Resource Files</Filter>
    </Image>
    <Image Include="rsrc\207.ico">
      <Filter>Resource Files</Filter>
    </Image>
    <Image Include="rsrc\208.ico">
      <Filter>Resource Files</Filter>
    </Image>
    <Image Include="rsrc\209.ico">
      <Filter>Resource Files</Filter>
    </Image>
    <Image Include="rsrc\210.ico">
      <Filter>Resource Files</Filter>
    </Image>
    <Image Include="rsrc\211.ico">
      <Filter>Resource Files</Filter>
    </Image>
    <Image Include="rsrc\212.ico">
      <Filter>Resource Files</Filter>
    </Image>
    <Image Include="rsrc\213.ico">
      <Filter>Resource Files</Filter>
    </Image>
    <Image Include="rsrc\214.ico">
      <Filter>Resource Files</Filter>
    </Image>
    <Image Include="rsrc\215.ico">
      <Filter>Resource Files</Filter>
    </Image>
    <Image Include="rsrc\216.ico">
      <Filter>Resource Files</Filter>
    </Image>
    <Image Include="rsrc\217.ico">
      <Filter>Resource Files</Filter>
    </Image>
    <Image Include="rsrc\218.ico">
      <Filter>Resource Files</Filter>
    </Image>
    <Image Include="rsrc\219.ico">
      <Filter>Resource Files</Filter>
    </Image>
    <Image Include="rsrc\220.ico">
      <Filter>Resource Files</Filter>
    </Image>
    <Image Include="rsrc\221.ico">
      <Filter>Resource Files</Filter>
    </Image>
    <Image Include="rsrc\222.ico">
      <Filter>Resource Files</Filter>
    </Image>
    <Image Include="rsrc\223.ico">
      <Filter>Resource Files</Filter>
    </Image>
    <Image Include="rsrc\224.ico">
      <Filter>Resource Files</Filter>
    </Image>
    <Image Include="rsrc\225.ico">
      <Filter>Resource Files</Filter>
    </Image>
    <Image Include="rsrc\226.ico">
      <Filter>Resource Files</Filter>
    </Image>
    <Image Include="rsrc\227.ico">
      <Filter>Resource Files</Filter>
    </Image>
    <Image Include="rsrc\228.ico">
      <Filter>Resource Files</Filter>
    </Image>
    <Image Include="rsrc\229.ico">
      <Filter>Resource Files</Filter>
    </Image>
    <Image Include="rsrc\230.ico">
      <Filter>Resource Files</Filter>
    </Image>
    <Image Include="rsrc\231.ico">
      <Filter>Resource Files</Filter>
    </Image>
    <Image Include="rsrc\232.ico">
      <Filter>Resource Files</Filter>
    </Image>
    <Image Include="rsrc\233.ico">
      <Filter>Resource Files</Filter>
    </Image>
    <Image Include="rsrc\234.ico">
      <Filter>Resource Files</Filter>
    </Image>
    <Image Include="rsrc\235.ico">
      <Filter>Resource Files</Filter>
    </Image>
    <Image Include="rsrc\236.ico">
      <Filter>Resource Files</Filter>
    </Image>
    <Image Include="rsrc\237.ico">
      <Filter>Resource Files</Filter>
    </Image>
    <Image Include="rsrc\238.ico">
      <Filter>Resource Files</Filter>
    </Image>
    <Image Include="rsrc\239.ico">
      <Filter>Resource Files</Filter>
    </Image>
    <Image Include="rsrc\240.ico">
      <Filter>Resource Files</Filter>
    </Image>
    <Image Include="rsrc\241.ico">
      <Filter>Resource Files</Filter>
    </Image>
    <Image Include="rsrc\242.ico">
      <Filter>Resource Files</Filter>
    </Image>
    <Image Include="rsrc\243.ico">
      <Filter>Resource Files</Filter>
    </Image>
    <Image Include="rsrc\244.ico">
      <Filter>Resource Files</Filter>
    </Image>
    <Image Include="rsrc\245.ico">
      <Filter>Resource Files</Filter>
    </Image>
    <Image Include="rsrc\246.ico">
      <Filter>Resource Files</Filter>
    </Image>
    <Image Include="rsrc\247.ico">
      <Filter>Resource Files</Filter>
    </Image>
    <Image Include="rsrc\248.ico">
      <Filter>Resource Files</Filter>
    </Image>
    <Image Include="rsrc\249.ico">
      <Filter>Resource Files</Filter>
    </Image>
    <Image Include="rsrc\250.ico">
      <Filter>Resource Files</Filter>
    </Image>
    <Image Include="rsrc\251.ico">
      <Filter>Resource Files</Filter>
    </Image>
    <Image Include="rsrc\252.ico">
      <Filter>Resource Files</Filter>
    </Image>
    <Image Include="rsrc\253.ico">
      <Filter>Resource Files</Filter>
    </Image>
    <Image Include="rsrc\254.ico">
      <Filter>Resource Files</Filter>
    </Image>
    <Image Include="rsrc\255.ico">
      <Filter>Resource Files</Filter>
    </Image>
    <Image Include="rsrc\256.ico">
      <Filter>Resource Files</Filter>
    </Image>
    <Image Include="rsrc\257.ico">
      <Filter>Resource Files</Filter>
    </Image>
    <Image Include="rsrc\258.ico">
      <Filter>Resource Files</Filter>
    </Image>
    <Image Include="rsrc\259.ico">
      <Filter>Resource Files</Filter>
    </Image>
    <Image Include="rsrc\260.ico">
      <Filter>Resource Files</Filter>
    </Image>
    <Image Include="rsrc\261.ico">
      <Filter>Resource Files</Filter>
    </Image>
    <Image Include="rsrc\262.ico">
      <Filter>Resource Files</Filter>
    </Image>
    <Image Include="rsrc\263.ico">
      <Filter>Resource Files</Filter>
    </Image>
    <Image Include="rsrc\264.ico">
      <Filter>Resource Files</Filter>
    </Image>
    <Image Include="rsrc\265.ico">
      <Filter>Resource Files</Filter>
    </Image>
    <Image Include="rsrc\266.ico">
      <Filter>Resource Files</Filter>
    </Image>
    <Image Include="rsrc\267.ico">
      <Filter>Resource Files</Filter>
    </Image>
    <Image Include="rsrc\268.ico">
      <Filter>Resource Files</Filter>
    </Image>
    <Image Include="rsrc\269.ico">
      <Filter>Resource Files</Filter>
    </Image>
    <Image Include="rsrc\270.ico">
      <Filter>Resource Files</Filter>
    </Image>
    <Image Include="rsrc\271.ico">
      <Filter>Resource Files</Filter>
    </Image>
    <Image Include="rsrc\272.ico">
      <Filter>Resource Files</Filter>
    </Image>
    <Image Include="rsrc\273.ico">
      <Filter>Resource Files</Filter>
    </Image>
    <Image Include="rsrc\274.ico">
      <Filter>Resource Files</Filter>
    </Image>
    <Image Include="rsrc\275.ico">
      <Filter>Resource Files</Filter>
    </Image>
    <Image Include="rsrc\276.ico">
      <Filter>Resource Files</Filter>
    </Image>
    <Image Include="rsrc\277.ico">
      <Filter>Resource Files</Filter>
    </Image>
    <Image Include="rsrc\278.ico">
      <Filter>Resource Files</Filter>
    </Image>
    <Image Include="rsrc\279.ico">
      <Filter>Resource Files</Filter>
    </Image>
    <Image Include="rsrc\280.ico">
      <Filter>Resource Files</Filter>
    </Image>
    <Image Include="rsrc\281.ico">
      <Filter>Resource Files</Filter>
    </Image>
    <Image Include="rsrc\282.ico">
      <Filter>Resource Files</Filter>
    </Image>
    <Image Include="rsrc\283.ico">
      <Filter>Resource Files</Filter>
    </Image>
    <Image Include="rsrc\284.ico">
      <Filter>Resource Files</Filter>
    </Image>
    <Image Include="rsrc\285.ico">
      <Filter>Resource Files</Filter>
    </Image>
    <Image Include="rsrc\286.ico">
      <Filter>Resource Files</Filter>
    </Image>
    <Image Include="rsrc\287.ico">
      <Filter>Resource Files</Filter>
    </Image>
    <Image Include="rsrc\288.ico">
      <Filter>Resource Files</Filter>
    </Image>
    <Image Include="rsrc\289.ico">
      <Filter>Resource Files</Filter>
    </Image>
    <Image Include="rsrc\290.ico">
      <Filter>Resource Files</Filter>
    </Image>
    <Image Include="rsrc\291.ico">
      <Filter>Resource Files</Filter>
    </Image>
    <Image Include="rsrc\292.ico">
      <Filter>Resource Files</Filter>
    </Image>
    <Image Include="rsrc\293.ico">
      <Filter>Resource Files</Filter>
    </Image>
    <Image Include="rsrc\294.ico">
      <Filter>Resource Files</Filter>
    </Image>
    <Image Include="rsrc\295.ico">
      <Filter>Resource Files</Filter>
    </Image>
    <Image Include="rsrc\296.ico">
      <Filter>Resource Files</Filter>
    </Image>
    <Image Include="rsrc\297.ico">
      <Filter>Resource Files</Filter>
    </Image>
    <Image Include="rsrc\298.ico">
      <Filter>Resource Files</Filter>
    </Image>
    <Image Include="rsrc\299.ico">
      <Filter>Resource Files</Filter>
    </Image>
    <Image Include="rsrc\300.ico">
      <Filter>Resource Files</Filter>
    </Image>
    <Image Include="rsrc\301.ico">
      <Filter>Resource Files</Filter>
    </Image>
    <Image Include="rsrc\302.ico">
      <Filter>Resource Files</Filter>
    </Image>
    <Image Include="rsrc\303.ico">
      <Filter>Resource Files</Filter>
    </Image>
    <Image Include="rsrc\304.ico">
      <Filter>Resource Files</Filter>
    </Image>
    <Image Include="rsrc\305.ico">
      <Filter>Resource Files</Filter>
    </Image>
    <Image Include="rsrc\306.ico">
      <Filter>Resource Files</Filter>
    </Image>
    <Image Include="rsrc\307.ico">
      <Filter>Resource Files</Filter>
    </Image>
    <Image Include="rsrc\308.ico">
      <Filter>Resource Files</Filter>
    </Image>
    <Image Include="rsrc\309.ico">
      <Filter>Resource Files</Filter>
    </Image>
    <Image Include="rsrc\310.ico">
      <Filter>Resource Files</Filter>
    </Image>
    <Image Include="rsrc\311.ico">
      <Filter>Resource Files</Filter>
    </Image>
    <Image Include="rsrc\312.ico">
      <Filter>Resource Files</Filter>
    </Image>
    <Image Include="rsrc\313.ico">
      <Filter>Resource Files</Filter>
    </Image>
    <Image Include="rsrc\314.ico">
      <Filter>Resource Files</Filter>
    </Image>
    <Image Include="rsrc\315.ico">
      <Filter>Resource Files</Filter>
    </Image>
    <Image Include="rsrc\316.ico">
      <Filter>Resource Files</Filter>
    </Image>
    <Image Include="rsrc\317.ico">
      <Filter>Resource Files</Filter>
    </Image>
    <Image Include="rsrc\318.ico">
      <Filter>Resource Files</Filter>
    </Image>
    <Image Include="rsrc\319.ico">
      <Filter>Resource Files</Filter>
    </Image>
    <Image Include="rsrc\320.ico">
      <Filter>Resource Files</Filter>
    </Image>
    <Image Include="rsrc\321.ico">
      <Filter>Resource Files</Filter>
    </Image>
    <Image Include="rsrc\322.ico">
      <Filter>Resource Files</Filter>
    </Image>
    <Image Include="rsrc\323.ico">
      <Filter>Resource Files</Filter>
    </Image>
    <Image Include="rsrc\324.ico">
      <Filter>Resource Files</Filter>
    </Image>
    <Image Include="rsrc\325.ico">
      <Filter>Resource Files</Filter>
    </Image>
    <Image Include="rsrc\326.ico">
      <Filter>Resource Files</Filter>
    </Image>
    <Image Include="rsrc\327.ico">
      <Filter>Resource Files</Filter>
    </Image>
    <Image Include="rsrc\328.ico">
      <Filter>Resource Files</Filter>
    </Image>
    <Image Include="rsrc\329.ico">
      <Filter>Resource Files</Filter>
    </Image>
    <Image Include="rsrc\330.ico">
      <Filter>Resource Files</Filter>
    </Image>
    <Image Include="rsrc\331.ico">
      <Filter>Resource Files</Filter>
    </Image>
    <Image Include="rsrc\332.ico">
      <Filter>Resource Files</Filter>
    </Image>
    <Image Include="rsrc\333.ico">
      <Filter>Resource Files</Filter>
    </Image>
    <Image Include="rsrc\334.ico">
      <Filter>Resource Files</Filter>
    </Image>
    <Image Include="rsrc\335.ico">
      <Filter>Resource Files</Filter>
    </Image>
    <Image Include="rsrc\336.ico">
      <Filter>Resource Files</Filter>
    </Image>
    <Image Include="rsrc\337.ico">
      <Filter>Resource Files</Filter>
    </Image>
    <Image Include="rsrc\338.ico">
      <Filter>Resource Files</Filter>
    </Image>
    <Image Include="rsrc\339.ico">
      <Filter>Resource Files</Filter>
    </Image>
    <Image Include="rsrc\340.ico">
      <Filter>Resource Files</Filter>
    </Image>
    <Image Include="rsrc\341.ico">
      <Filter>Resource Files</Filter>
    </Image>
    <Image Include="rsrc\342.ico">
      <Filter>Resource Files</Filter>
    </Image>
    <Image Include="rsrc\343.ico">
      <Filter>Resource Files</Filter>
    </Image>
    <Image Include="rsrc\344.ico">
      <Filter>Resource Files</Filter>
    </Image>
    <Image Include="rsrc\345.ico">
      <Filter>Resource Files</Filter>
    </Image>
    <Image Include="rsrc\346.ico">
      <Filter>Resource Files</Filter>
    </Image>
    <Image Include="rsrc\347.ico">
      <Filter>Resource Files</Filter>
    </Image>
    <Image Include="rsrc\348.ico">
      <Filter>Resource Files</Filter>
    </Image>
    <Image Include="rsrc\349.ico">
      <Filter>Resource Files</Filter>
    </Image>
    <Image Include="rsrc\350.ico">
      <Filter>Resource Files</Filter>
    </Image>
    <Image Include="rsrc\351.ico">
      <Filter>Resource Files</Filter>
    </Image>
    <Image Include="rsrc\352.ico">
      <Filter>Resource Files</Filter>
    </Image>
    <Image Include="rsrc\353.ico">
      <Filter>Resource Files</Filter>
    </Image>
    <Image Include="rsrc\354.ico">
      <Filter>Resource Files</Filter>
    </Image>
    <Image Include="rsrc\355.ico">
      <Filter>Resource Files</Filter>
    </Image>
    <Image Include="rsrc\356.ico">
      <Filter>Resource Files</Filter>
    </Image>
    <Image Include="rsrc\357.ico">
      <Filter>Resource Files</Filter>
    </Image>
    <Image Include="rsrc\358.ico">
      <Filter>Resource Files</Filter>
    </Image>
    <Image Include="rsrc\359.ico">
      <Filter>Resource Files</Filter>
    </Image>
    <Image Include="rsrc\360.ico">
      <Filter>Resource Files</Filter>
    </Image>
    <Image Include="rsrc\361.ico">
      <Filter>Resource Files</Filter>
    </Image>
    <Image Include="rsrc\362.ico">
      <Filter>Resource Files</Filter>
    </Image>
    <Image Include="rsrc\363.ico">
      <Filter>Resource Files</Filter>
    </Image>
    <Image Include="rsrc\364.ico">
      <Filter>Resource Files</Filter>
    </Image>
    <Image Include="rsrc\365.ico">
      <Filter>Resource Files</Filter>
    </Image>
    <Image Include="rsrc\366.ico">
      <Filter>Resource Files</Filter>
    </Image>
    <Image Include="rsrc\367.ico">
      <Filter>Resource Files</Filter>
    </Image>
    <Image Include="rsrc\368.ico">
      <Filter>Resource Files</Filter>
    </Image>
    <Image Include="rsrc\369.ico">
      <Filter>Resource Files</Filter>
    </Image>
    <Image Include="rsrc\370.ico">
      <Filter>Resource Files</Filter>
    </Image>
    <Image Include="rsrc\371.ico">
      <Filter>Resource Files</Filter>
    </Image>
    <Image Include="rsrc\372.ico">
      <Filter>Resource Files</Filter>
    </Image>
    <Image Include="rsrc\373.ico">
      <Filter>Resource Files</Filter>
    </Image>
    <Image Include="rsrc\374.ico">
      <Filter>Resource Files</Filter>
    </Image>
    <Image Include="rsrc\375.ico">
      <Filter>Resource Files</Filter>
    </Image>
    <Image Include="rsrc\376.ico">
      <Filter>Resource Files</Filter>
    </Image>
    <Image Include="rsrc\377.ico">
      <Filter>Resource Files</Filter>
    </Image>
    <Image Include="rsrc\378.ico">
      <Filter>Resource Files</Filter>
    </Image>
    <Image Include="rsrc\379.ico">
      <Filter>Resource Files</Filter>
    </Image>
    <Image Include="rsrc\380.ico">
      <Filter>Resource Files</Filter>
    </Image>
    <Image Include="rsrc\381.ico">
      <Filter>Resource Files</Filter>
    </Image>
    <Image Include="rsrc\382.ico">
      <Filter>Resource Files</Filter>
    </Image>
    <Image Include="rsrc\383.ico">
      <Filter>Resource Files</Filter>
    </Image>
    <Image Include="rsrc\384.ico">
      <Filter>Resource Files</Filter>
    </Image>
    <Image Include="rsrc\385.ico">
      <Filter>Resource Files</Filter>
    </Image>
    <Image Include="rsrc\386.ico">
      <Filter>Resource Files</Filter>
    </Image>
    <Image Include="rsrc\387.ico">
      <Filter>Resource Files</Filter>
    </Image>
    <Image Include="rsrc\388.ico">
      <Filter>Resource Files</Filter>
    </Image>
    <Image Include="rsrc\389.ico">
      <Filter>Resource Files</Filter>
    </Image>
    <Image Include="rsrc\390.ico">
      <Filter>Resource Files</Filter>
    </Image>
    <Image Include="rsrc\391.ico">
      <Filter>Resource Files</Filter>
    </Image>
    <Image Include="rsrc\392.ico">
      <Filter>Resource Files</Filter>
    </Image>
    <Image Include="rsrc\393.ico">
      <Filter>Resource Files</Filter>
    </Image>
    <Image Include="rsrc\394.ico">
      <Filter>Resource Files</Filter>
    </Image>
    <Image Include="rsrc\395.ico">
      <Filter>Resource Files</Filter>
    </Image>
    <Image Include="rsrc\396.ico">
      <Filter>Resource Files</Filter>
    </Image>
    <Image Include="rsrc\397.ico">
      <Filter>Resource Files</Filter>
    </Image>
    <Image Include="rsrc\398.ico">
      <Filter>Resource Files</Filter>
    </Image>
    <Image Include="rsrc\399.ico">
      <Filter>Resource Files</Filter>
    </Image>
    <Image Include="rsrc\400.ico">
      <Filter>Resource Files</Filter>
    </Image>
    <Image Include="rsrc\999.ico">
      <Filter>Resource Files</Filter>
    </Image>
    <Image Include="rsrc\1000.ico">
      <Filter>Resource Files</Filter>
    </Image>
    <Image Include="rsrc\1001.ico">
      <Filter>Resource Files</Filter>
    </Image>
    <Image Include="rsrc\1002.ico">
      <Filter>Resource Files</Filter>
    </Image>
    <Image Include="rsrc\1003.ico">
      <Filter>Resource Files</Filter>
    </Image>
    <Image Include="rsrc\1004.ico">
      <Filter>Resource Files</Filter>
    </Image>
    <Image Include="rsrc\1005.ico">
      <Filter>Resource Files</Filter>
    </Image>
    <Image Include="rsrc\1006.ico">
      <Filter>Resource Files</Filter>
    </Image>
    <Image Include="rsrc\1007.ico">
      <Filter>Resource Files</Filter>
    </Image>
    <Image Include="rsrc\1008.ico">
      <Filter>Resource Files</Filter>
    </Image>
    <Image Include="rsrc\1009.ico">
      <Filter>Resource Files</Filter>
    </Image>
    <Image Include="rsrc\1100.ico">
      <Filter>Resource Files</Filter>
    </Image>
    <Image Include="rsrc\1101.ico">
      <Filter>Resource Files</Filter>
    </Image>
    <Image Include="rsrc\1102.ico">
      <Filter>Resource Files</Filter>
    </Image>
    <Image Include="rsrc\1103.ico">
      <Filter>Resource Files</Filter>
    </Image>
    <Image Include="rsrc\1104.ico">
      <Filter>Resource Files</Filter>
    </Image>
    <Image Include="rsrc\1105.ico">
      <Filter>Resource Files</Filter>
    </Image>
    <Image Include="rsrc\1106.ico">
      <Filter>Resource Files</Filter>
    </Image>
    <Image Include="rsrc\1107.ico">
      <Filter>Resource Files</Filter>
    </Image>
    <Image Include="rsrc\1108.ico">
      <Filter>Resource Files</Filter>
    </Image>
    <Image Include="rsrc\1109.ico">
      <Filter>Resource Files</Filter>
    </Image>
    <Image Include="rsrc\1200.ico">
      <Filter>Resource Files</Filter>
    </Image>
    <Image Include="rsrc\1201.ico">
      <Filter>Resource Files</Filter>
    </Image>
    <Image Include="rsrc\1202.ico">
      <Filter>Resource Files</Filter>
    </Image>
    <Image Include="rsrc\1203.ico">
      <Filter>Resource Files</Filter>
    </Image>
    <Image Include="rsrc\1204.ico">
      <Filter>Resource Files</Filter>
    </Image>
    <Image Include="rsrc\1205.ico">
      <Filter>Resource Files</Filter>
    </Image>
    <Image Include="rsrc\1206.ico">
      <Filter>Resource Files</Filter>
    </Image>
    <Image Include="rsrc\1207.ico">
      <Filter>Resource Files</Filter>
    </Image>
    <Image Include="rsrc\1208.ico">
      <Filter>Resource Files</Filter>
    </Image>
    <Image Include="rsrc\1209.ico">
      <Filter>Resource Files</Filter>
    </Image>
    <Image Include="rsrc\1300.ico">
      <Filter>Resource Files</Filter>
    </Image>
    <Image Include="rsrc\1301.ico">
      <Filter>Resource Files</Filter>
    </Image>
    <Image Include="rsrc\1302.ico">
      <Filter>Resource Files</Filter>
    </Image>
    <Image Include="rsrc\1303.ico">
      <Filter>Resource Files</Filter>
    </Image>
    <Image Include="rsrc\1304.ico">
      <Filter>Resource Files</Filter>
    </Image>
    <Image Include="rsrc\1305.ico">
      <Filter>Resource Files</Filter>
    </Image>
    <Image Include="rsrc\1306.ico">
      <Filter>Resource Files</Filter>
    </Image>
    <Image Include="rsrc\1307.ico">
      <Filter>Resource Files</Filter>
    </Image>
    <Image Include="rsrc\1308.ico">
      <Filter>Resource Files</Filter>
    </Image>
    <Image Include="rsrc\1309.ico">
      <Filter>Resource Files</Filter>
    </Image>
    <Image Include="rsrc\1400.ico">
      <Filter>Resource Files</Filter>
    </Image>
    <Image Include="rsrc\1401.ico">
      <Filter>Resource Files</Filter>
    </Image>
    <Image Include="rsrc\1402.ico">
      <Filter>Resource Files</Filter>
    </Image>
    <Image Include="rsrc\1403.ico">
      <Filter>Resource Files</Filter>
    </Image>
    <Image Include="rsrc\1404.ico">
      <Filter>Resource Files</Filter>
    </Image>
    <Image Include="rsrc\1405.ico">
      <Filter>Resource Files</Filter>
    </Image>
    <Image Include="rsrc\1406.ico">
      <Filter>Resource Files</Filter>
    </Image>
    <Image Include="rsrc\1407.ico">
      <Filter>Resource Files</Filter>
    </Image>
    <Image Include="rsrc\1408.ico">
      <Filter>Resource Files</Filter>
    </Image>
    <Image Include="rsrc\1409.ico">
      <Filter>Resource Files</Filter>
    </Image>
    <Image Include="rsrc\1410.ico">
      <Filter>Resource Files</Filter>
    </Image>
    <Image Include="rsrc\1411.ico">
      <Filter>Resource Files</Filter>
    </Image>
    <Image Include="rsrc\1412.ico">
      <Filter>Resource Files</Filter>
    </Image>
    <Image Include="rsrc\1413.ico">
      <Filter>Resource Files</Filter>
    </Image>
    <Image Include="rsrc\1414.ico">
      <Filter>Resource Files</Filter>
    </Image>
    <Image Include="rsrc\1415.ico">
      <Filter>Resource Files</Filter>
    </Image>
    <Image Include="rsrc\1416.ico">
      <Filter>Resource Files</Filter>
    </Image>
    <Image Include="rsrc\1417.ico">
      <Filter>Resource Files</Filter>
    </Image>
    <Image Include="rsrc\1418.ico">
      <Filter>Resource Files</Filter>
    </Image>
    <Image Include="rsrc\1419.ico">
      <Filter>Resource Files</Filter>
    </Image>
    <Image Include="rsrc\1420.ico">
      <Filter>Resource Files</Filter>
    </Image>
    <Image Include="rsrc\1421.ico">
      <Filter>Resource Files</Filter>
    </Image>
    <Image Include="rsrc\1422.ico">
      <Filter>Resource Files</Filter>
    </Image>
    <Image Include="rsrc\1423.ico">
      <Filter>Resource Files</Filter>
    </Image>
    <Image Include="rsrc\1424.ico">
      <Filter>Resource Files</Filter>
    </Image>
    <Image Include="rsrc\1425.ico">
      <Filter>Resource Files</Filter>
    </Image>
    <Image Include="rsrc\1426.ico">
      <Filter>Resource Files</Filter>
    </Image>
    <Image Include="rsrc\1427.ico">
      <Filter>Resource Files</Filter>
    </Image>
    <Image Include="rsrc\1428.ico">
      <Filter>Resource Files</Filter>
    </Image>
    <Image Include="rsrc\1429.ico">
      <Filter>Resource Files</Filter>
    </Image>
    <Image Include="rsrc\1430.ico">
      <Filter>Resource Files</Filter>
    </Image>
    <Image Include="rsrc\1500.ico">
      <Filter>Resource Files</Filter>
    </Image>
    <Image Include="rsrc\1525.ico">
      <Filter>Resource Files</Filter>
    </Image>
    <Image Include="rsrc\1533.ico">
      <Filter>Resource Files</Filter>
    </Image>
    <Image Include="rsrc\1550.ico">
      <Filter>Resource Files</Filter>
    </Image>
    <Image Include="rsrc\1566.ico">
      <Filter>Resource Files</Filter>
    </Image>
    <Image Include="rsrc\1575.ico">
      <Filter>Resource Files</Filter>
    </Image>
    <Image Include="rsrc\1599.ico">
      <Filter>Resource Files</Filter>
    </Image>
    <Image Include="rsrc\2011.ico">
      <Filter>Resource Files</Filter>
    </Image>
    <Image Include="rsrc\2012.ico">
      <Filter>Resource Files</Filter>
    </Image>
    <Image Include="rsrc\2013.ico">
      <Filter>Resource Files</Filter>
    </Image>
    <Image Include="rsrc\2014.ico">
      <Filter>Resource Files</Filter>
    </Image>
    <Image Include="rsrc\2015.ico">
      <Filter>Resource Files</Filter>
    </Image>
    <Image Include="rsrc\2016.ico">
      <Filter>Resource Files</Filter>
    </Image>
    <Image Include="rsrc\2021.ico">
      <Filter>Resource Files</Filter>
    </Image>
    <Image Include="rsrc\2022.ico">
      <Filter>Resource Files</Filter>
    </Image>
    <Image Include="rsrc\2023.ico">
      <Filter>Resource Files</Filter>
    </Image>
    <Image Include="rsrc\2024.ico">
      <Filter>Resource Files</Filter>
    </Image>
    <Image Include="rsrc\2025.ico">
      <Filter>Resource Files</Filter>
    </Image>
    <Image Include="rsrc\2026.ico">
      <Filter>Resource Files</Filter>
    </Image>
    <Image Include="rsrc\2031.ico">
      <Filter>Resource Files</Filter>
    </Image>
    <Image Include="rsrc\2032.ico">
      <Filter>Resource Files</Filter>
    </Image>
    <Image Include="rsrc\2033.ico">
      <Filter>Resource Files</Filter>
    </Image>
    <Image Include="rsrc\2034.ico">
      <Filter>Resource Files</Filter>
    </Image>
    <Image Include="rsrc\2035.ico">
      <Filter>Resource Files</Filter>
    </Image>
    <Image Include="rsrc\2036.ico">
      <Filter>Resource Files</Filter>
    </Image>
    <Image Include="rsrc\2041.ico">
      <Filter>Resource Files</Filter>
    </Image>
    <Image Include="rsrc\2042.ico">
      <Filter>Resource Files</Filter>
    </Image>
    <Image Include="rsrc\2043.ico">
      <Filter>Resource Files</Filter>
    </Image>
    <Image Include="rsrc\2044.ico">
      <Filter>Resource Files</Filter>
    </Image>
    <Image Include="rsrc\2045.ico">
      <Filter>Resource Files</Filter>
    </Image>
    <Image Include="rsrc\2046.ico">
      <Filter>Resource Files</Filter>
    </Image>
    <Image Include="rsrc\2051.ico">
      <Filter>Resource Files</Filter>
    </Image>
    <Image Include="rsrc\2052.ico">
      <Filter>Resource Files</Filter>
    </Image>
    <Image Include="rsrc\2053.ico">
      <Filter>Resource Files</Filter>
    </Image>
    <Image Include="rsrc\2054.ico">
      <Filter>Resource Files</Filter>
    </Image>
    <Image Include="rsrc\2055.ico">
      <Filter>Resource Files</Filter>
    </Image>
    <Image Include="rsrc\2056.ico">
      <Filter>Resource Files</Filter>
    </Image>
    <Image Include="rsrc\2061.ico">
      <Filter>Resource Files</Filter>
    </Image>
    <Image Include="rsrc\2062.ico">
      <Filter>Resource Files</Filter>
    </Image>
    <Image Include="rsrc\2063.ico">
      <Filter>Resource Files</Filter>
    </Image>
    <Image Include="rsrc\2064.ico">
      <Filter>Resource Files</Filter>
    </Image>
    <Image Include="rsrc\2065.ico">
      <Filter>Resource Files</Filter>
    </Image>
    <Image Include="rsrc\2066.ico">
      <Filter>Resource Files</Filter>
    </Image>
  </ItemGroup>
</Project>